{
  "name": "sql-extra",
  "version": "0.1.4",
  "lockfileVersion": 1,
  "requires": true,
  "dependencies": {
    "@sql-extra/createindex": {
      "version": "0.1.2",
      "resolved": "https://registry.npmjs.org/@sql-extra/createindex/-/createindex-0.1.2.tgz",
      "integrity": "sha512-904TGadb5jkaxroUm+T9NLIUn0ftBef58XtDD0j8vf2T/dnRF8lx2XEMhq297lu2KdJfSqdRuqM+oXUlhRydjw==",
      "dev": true
    },
    "@sql-extra/createtable": {
      "version": "0.1.3",
      "resolved": "https://registry.npmjs.org/@sql-extra/createtable/-/createtable-0.1.3.tgz",
      "integrity": "sha512-rhs92FcZTyz9oZiUp58PXaEZB7lgDV6JbWBvhEHuBLtXD5A19mGUXarOu47/+pvfYTz/qVZGH9rHG2fwxQm7dA==",
      "dev": true
    },
    "@sql-extra/createview": {
      "version": "0.1.2",
      "resolved": "https://registry.npmjs.org/@sql-extra/createview/-/createview-0.1.2.tgz",
      "integrity": "sha512-sydGjbLBpeuBO9boy10ky9DmLY6LvcZ8uE7flPSwpM0BcHiZM/3Sp0rfjJNiRNi9Hdxl7bRYmRulavJrlbIKjg==",
      "dev": true
    },
    "@sql-extra/insertinto": {
      "version": "0.1.2",
      "resolved": "https://registry.npmjs.org/@sql-extra/insertinto/-/insertinto-0.1.2.tgz",
      "integrity": "sha512-PO7EV6RUeWDVqPbg66QV+ELR3hpLMkTDD6sOzFH9LU/Yogknqs7szK2fh1Lnjr4+k390oYZx0dic6rQlyTAu9w==",
      "dev": true
    },
    "@sql-extra/setuptable": {
      "version": "0.1.3",
      "resolved": "https://registry.npmjs.org/@sql-extra/setuptable/-/setuptable-0.1.3.tgz",
      "integrity": "sha512-UpkKLrTC0q21QMAaAhglv5ICRMyDcSaV5g4zHa/K8iS21tgPjdBezq/TE2+UAMuZ+dIcQcHKI83LdWW9R3VC/w==",
      "dev": true,
      "requires": {
        "@sql-extra/createindex": "0.1.2",
        "@sql-extra/createtable": "0.1.3",
        "@sql-extra/createview": "0.1.2",
        "@sql-extra/insertinto": "0.1.2",
        "@sql-extra/tsvector": "0.1.1"
      }
    },
    "@sql-extra/tableexists": {
      "version": "0.1.1",
      "resolved": "https://registry.npmjs.org/@sql-extra/tableexists/-/tableexists-0.1.1.tgz",
      "integrity": "sha512-VVL747Ktgx4bipLYEyW6422qyVTsKF47X0zWqghhe1DLImNZwIDlXC1hsK6oA1c3FPUqsno/aLBLIaI8zHjMOw==",
      "dev": true
    },
    "@sql-extra/tsvector": {
      "version": "0.1.1",
      "resolved": "https://registry.npmjs.org/@sql-extra/tsvector/-/tsvector-0.1.1.tgz",
      "integrity": "sha512-Mq35Q4RvyBzKNJiN1Cmi7q9XFjF7p3ccWYJxNx0OsewsGL0GCEqgc5iBD7n9FDJ87YFPAxc1vDQYrc+JbjNcJg==",
      "dev": true
    }
  }
}
