{
  "name": "sql-extra",
  "version": "0.1.7",
  "lockfileVersion": 1,
  "requires": true,
  "dependencies": {
    "@sql-extra/createindex": {
      "version": "0.1.3",
      "resolved": "https://registry.npmjs.org/@sql-extra/createindex/-/createindex-0.1.3.tgz",
      "integrity": "sha512-3i+eK4psf0IoU/Ol1uawEfJ8IdL4PSO0l9sL0nqorxTxDDR6u7TL2FgGfylAUyp8dtIHgtHIY4dQVd5DQMzeSw==",
      "dev": true
    },
    "@sql-extra/createtable": {
      "version": "0.1.4",
      "resolved": "https://registry.npmjs.org/@sql-extra/createtable/-/createtable-0.1.4.tgz",
      "integrity": "sha512-wzQ1TBRYkBn86KecqWi68AMLorzW8JsCWaLLjaqplNQIZLY0PAALnjTZIp3O9jJ3NycSUakPZHK3QQAsIS2WxA==",
      "dev": true
    },
    "@sql-extra/createview": {
      "version": "0.1.4",
      "resolved": "https://registry.npmjs.org/@sql-extra/createview/-/createview-0.1.4.tgz",
      "integrity": "sha512-6MPf2cQ4h4SkC0qsknPLtKYdr2eK+6jncr5WDHG9GgDksMwTef1KbH3xvRAP9xUCspgPsn7PseQbvsfcrbJ2UA==",
      "dev": true
    },
    "@sql-extra/insertinto": {
      "version": "0.1.5",
      "resolved": "https://registry.npmjs.org/@sql-extra/insertinto/-/insertinto-0.1.5.tgz",
      "integrity": "sha512-P+vxdILQKpvWREZX6z3HUqsJ+lmr3DlbCPxPhDHA0idRyjy/JC8dUkqOFG9wKDe0ZynwvRy9mOT9p3+p/VIfEg==",
      "dev": true
    },
    "@sql-extra/matchtsquery": {
      "version": "0.1.1",
      "resolved": "https://registry.npmjs.org/@sql-extra/matchtsquery/-/matchtsquery-0.1.1.tgz",
      "integrity": "sha512-yqtp09YL+787qDdb7y6PzYIZ6wQ/+2QQTgGmgLCB00Ne6Eh7SeQIqJvRjXxogz9DaGaEVbOCvDOwd1NQyEisBA==",
      "dev": true
    },
    "@sql-extra/selecttsquery": {
      "version": "0.1.1",
      "resolved": "https://registry.npmjs.org/@sql-extra/selecttsquery/-/selecttsquery-0.1.1.tgz",
      "integrity": "sha512-xjLlR6XFJeI20NU6AvucRGfWl3Q2APYZ0v967lUpv64hwQQh4cpkTNOJbn7b1R89XXFZSPqfCYtmHw8wQTeD5g==",
      "dev": true
    },
    "@sql-extra/setuptable": {
      "version": "0.1.7",
      "resolved": "https://registry.npmjs.org/@sql-extra/setuptable/-/setuptable-0.1.7.tgz",
      "integrity": "sha512-6xdRWG2Yx5pOrvTqaKGjXc8tTdyRabqVL7R6knmUf+1u+/cWfVfRqjKo04eKr8jrJICVjVR2H9KDguTcJzcEug==",
      "dev": true,
      "requires": {
        "@sql-extra/createindex": "0.1.3",
        "@sql-extra/createtable": "0.1.4",
        "@sql-extra/createview": "0.1.4",
        "@sql-extra/insertinto": "0.1.5",
        "@sql-extra/tsvector": "0.1.1"
      }
    },
    "@sql-extra/tableexists": {
      "version": "0.1.1",
      "resolved": "https://registry.npmjs.org/@sql-extra/tableexists/-/tableexists-0.1.1.tgz",
      "integrity": "sha512-VVL747Ktgx4bipLYEyW6422qyVTsKF47X0zWqghhe1DLImNZwIDlXC1hsK6oA1c3FPUqsno/aLBLIaI8zHjMOw==",
      "dev": true
    },
    "@sql-extra/tsvector": {
      "version": "0.1.1",
      "resolved": "https://registry.npmjs.org/@sql-extra/tsvector/-/tsvector-0.1.1.tgz",
      "integrity": "sha512-Mq35Q4RvyBzKNJiN1Cmi7q9XFjF7p3ccWYJxNx0OsewsGL0GCEqgc5iBD7n9FDJ87YFPAxc1vDQYrc+JbjNcJg==",
      "dev": true
    }
  }
}
