{
  "name": "sql-extra",
  "version": "0.1.2",
  "lockfileVersion": 1,
  "requires": true,
  "dependencies": {
    "@sql-extra/createindex": {
      "version": "0.1.1",
      "resolved": "https://registry.npmjs.org/@sql-extra/createindex/-/createindex-0.1.1.tgz",
      "integrity": "sha512-xbA6ruOdCUDOAuibhL0QAHvRexSfX/mevtXPeDtLBCm0s5WqbSO3xyA66u7hyPbh18JF+TjId+10M0WFnkD/DQ==",
      "dev": true
    },
    "@sql-extra/createtable": {
      "version": "0.1.3",
      "resolved": "https://registry.npmjs.org/@sql-extra/createtable/-/createtable-0.1.3.tgz",
      "integrity": "sha512-rhs92FcZTyz9oZiUp58PXaEZB7lgDV6JbWBvhEHuBLtXD5A19mGUXarOu47/+pvfYTz/qVZGH9rHG2fwxQm7dA==",
      "dev": true
    },
    "@sql-extra/createview": {
      "version": "0.1.1",
      "resolved": "https://registry.npmjs.org/@sql-extra/createview/-/createview-0.1.1.tgz",
      "integrity": "sha512-LfxK9/+eh7p4o2M5L5CDHBR2DmBMAvimjW0TWDEGUOkNln9ctDAbUny++LYC5Cthn24VRo+koeY3I1bdFsx0sg==",
      "dev": true
    },
    "@sql-extra/insertinto": {
      "version": "0.1.2",
      "resolved": "https://registry.npmjs.org/@sql-extra/insertinto/-/insertinto-0.1.2.tgz",
      "integrity": "sha512-PO7EV6RUeWDVqPbg66QV+ELR3hpLMkTDD6sOzFH9LU/Yogknqs7szK2fh1Lnjr4+k390oYZx0dic6rQlyTAu9w==",
      "dev": true
    },
    "@sql-extra/setuptable": {
      "version": "0.1.2",
      "resolved": "https://registry.npmjs.org/@sql-extra/setuptable/-/setuptable-0.1.2.tgz",
      "integrity": "sha512-1Ur2xea/WkWSO3b8b055jNY2yhj8XDzZzqilsSTgMDEij6kyDnDigcZ6tqKJH/GK7n388j88upTVsCl+/Hp8ew==",
      "dev": true,
      "requires": {
        "@sql-extra/createindex": "0.1.1",
        "@sql-extra/createtable": "0.1.3",
        "@sql-extra/createview": "0.1.1",
        "@sql-extra/insertinto": "0.1.2",
        "@sql-extra/tsvector": "0.1.1"
      }
    },
    "@sql-extra/tableexists": {
      "version": "0.1.1",
      "resolved": "https://registry.npmjs.org/@sql-extra/tableexists/-/tableexists-0.1.1.tgz",
      "integrity": "sha512-VVL747Ktgx4bipLYEyW6422qyVTsKF47X0zWqghhe1DLImNZwIDlXC1hsK6oA1c3FPUqsno/aLBLIaI8zHjMOw==",
      "dev": true
    },
    "@sql-extra/tsvector": {
      "version": "0.1.1",
      "resolved": "https://registry.npmjs.org/@sql-extra/tsvector/-/tsvector-0.1.1.tgz",
      "integrity": "sha512-Mq35Q4RvyBzKNJiN1Cmi7q9XFjF7p3ccWYJxNx0OsewsGL0GCEqgc5iBD7n9FDJ87YFPAxc1vDQYrc+JbjNcJg==",
      "dev": true
    }
  }
}
